// !$*UTF8*$!
{
	archiveVersion = 1;
	classes = {
	};
	objectVersion = 46;
	objects = {

/* Begin PBXBuildFile section */
		711FF0361500F6EA00D2425F /* SoundCloud.bundle in Resources */ = {isa = PBXBuildFile; fileRef = 711FF0351500F6EA00D2425F /* SoundCloud.bundle */; };
		711FF0721501064000D2425F /* FWObject.m in Sources */ = {isa = PBXBuildFile; fileRef = 711FF0711501064000D2425F /* FWObject.m */; };
		711FF07815010D0A00D2425F /* TrackFixture.json in Resources */ = {isa = PBXBuildFile; fileRef = 711FF07715010D0A00D2425F /* TrackFixture.json */; };
		7131B4C01500DD4100AB20FD /* Model.xcdatamodeld in Sources */ = {isa = PBXBuildFile; fileRef = 7131B4BE1500DD4100AB20FD /* Model.xcdatamodeld */; };
		71454A941504FF26007E0E1C /* FWTrackCell.xib in Resources */ = {isa = PBXBuildFile; fileRef = 71454A931504FF26007E0E1C /* FWTrackCell.xib */; };
		71454A9715051B3A007E0E1C /* FWFollowingsOperation.m in Sources */ = {isa = PBXBuildFile; fileRef = 71454A9615051B3A007E0E1C /* FWFollowingsOperation.m */; };
		716222041505E6CB00DC00A5 /* FWRootViewController.m in Sources */ = {isa = PBXBuildFile; fileRef = 716222031505E6CB00DC00A5 /* FWRootViewController.m */; };
		71A5355B1504C44800097DE4 /* FWOperation.m in Sources */ = {isa = PBXBuildFile; fileRef = 71A5355A1504C44800097DE4 /* FWOperation.m */; };
		71A5355E1504C54A00097DE4 /* FWFavoritersOperation.m in Sources */ = {isa = PBXBuildFile; fileRef = 71A5355D1504C54A00097DE4 /* FWFavoritersOperation.m */; };
		71A535611504CACC00097DE4 /* FWRecommendationOperation.m in Sources */ = {isa = PBXBuildFile; fileRef = 71A535601504CACC00097DE4 /* FWRecommendationOperation.m */; };
		71AC268F150122E100B2B05B /* FavoritesFixture.json in Resources */ = {isa = PBXBuildFile; fileRef = 71AC268E150122E100B2B05B /* FavoritesFixture.json */; };
		71AC2692150124CF00B2B05B /* FWUser.m in Sources */ = {isa = PBXBuildFile; fileRef = 71AC2691150124CF00B2B05B /* FWUser.m */; };
		71AC2695150126B200B2B05B /* FWTrack.m in Sources */ = {isa = PBXBuildFile; fileRef = 71AC2694150126B200B2B05B /* FWTrack.m */; };
		71AC269B15012F9B00B2B05B /* FWFavoritesOperation.m in Sources */ = {isa = PBXBuildFile; fileRef = 71AC269A15012F9B00B2B05B /* FWFavoritesOperation.m */; };
		71DF735214FFE3C9001E91C0 /* UIKit.framework in Frameworks */ = {isa = PBXBuildFile; fileRef = 71DF735114FFE3C9001E91C0 /* UIKit.framework */; };
		71DF735414FFE3C9001E91C0 /* Foundation.framework in Frameworks */ = {isa = PBXBuildFile; fileRef = 71DF735314FFE3C9001E91C0 /* Foundation.framework */; };
		71DF735614FFE3C9001E91C0 /* CoreGraphics.framework in Frameworks */ = {isa = PBXBuildFile; fileRef = 71DF735514FFE3C9001E91C0 /* CoreGraphics.framework */; };
		71DF735814FFE3C9001E91C0 /* CoreData.framework in Frameworks */ = {isa = PBXBuildFile; fileRef = 71DF735714FFE3C9001E91C0 /* CoreData.framework */; };
		71DF735E14FFE3C9001E91C0 /* InfoPlist.strings in Resources */ = {isa = PBXBuildFile; fileRef = 71DF735C14FFE3C9001E91C0 /* InfoPlist.strings */; };
		71DF736014FFE3C9001E91C0 /* main.m in Sources */ = {isa = PBXBuildFile; fileRef = 71DF735F14FFE3C9001E91C0 /* main.m */; };
		71DF736414FFE3C9001E91C0 /* FWAppDelegate.m in Sources */ = {isa = PBXBuildFile; fileRef = 71DF736314FFE3C9001E91C0 /* FWAppDelegate.m */; };
		71DF736714FFE3C9001E91C0 /* MainStoryboard_iPhone.storyboard in Resources */ = {isa = PBXBuildFile; fileRef = 71DF736514FFE3C9001E91C0 /* MainStoryboard_iPhone.storyboard */; };
		71DF736A14FFE3C9001E91C0 /* MainStoryboard_iPad.storyboard in Resources */ = {isa = PBXBuildFile; fileRef = 71DF736814FFE3C9001E91C0 /* MainStoryboard_iPad.storyboard */; };
		71DF736D14FFE3C9001E91C0 /* Favowing.xcdatamodeld in Sources */ = {isa = PBXBuildFile; fileRef = 71DF736B14FFE3C9001E91C0 /* Favowing.xcdatamodeld */; };
		71DF737014FFE3C9001E91C0 /* FWFavoritesViewController.m in Sources */ = {isa = PBXBuildFile; fileRef = 71DF736F14FFE3C9001E91C0 /* FWFavoritesViewController.m */; };
		71DF737314FFE3C9001E91C0 /* FWRecommendationViewController.m in Sources */ = {isa = PBXBuildFile; fileRef = 71DF737214FFE3C9001E91C0 /* FWRecommendationViewController.m */; };
		71DF737B14FFE3C9001E91C0 /* SenTestingKit.framework in Frameworks */ = {isa = PBXBuildFile; fileRef = 71DF737A14FFE3C9001E91C0 /* SenTestingKit.framework */; };
		71DF737C14FFE3C9001E91C0 /* UIKit.framework in Frameworks */ = {isa = PBXBuildFile; fileRef = 71DF735114FFE3C9001E91C0 /* UIKit.framework */; };
		71DF737D14FFE3C9001E91C0 /* Foundation.framework in Frameworks */ = {isa = PBXBuildFile; fileRef = 71DF735314FFE3C9001E91C0 /* Foundation.framework */; };
		71DF737E14FFE3C9001E91C0 /* CoreData.framework in Frameworks */ = {isa = PBXBuildFile; fileRef = 71DF735714FFE3C9001E91C0 /* CoreData.framework */; };
		71DF738614FFE3C9001E91C0 /* InfoPlist.strings in Resources */ = {isa = PBXBuildFile; fileRef = 71DF738414FFE3C9001E91C0 /* InfoPlist.strings */; };
		71DF738914FFE3C9001E91C0 /* FWObjectTests.m in Sources */ = {isa = PBXBuildFile; fileRef = 71DF738814FFE3C9001E91C0 /* FWObjectTests.m */; };
		71DF73AC14FFE479001E91C0 /* libOAuth2Client.a in Frameworks */ = {isa = PBXBuildFile; fileRef = 71DF73A814FFE479001E91C0 /* libOAuth2Client.a */; };
		71DF73AD14FFE479001E91C0 /* libSoundCloudAPI.a in Frameworks */ = {isa = PBXBuildFile; fileRef = 71DF73A914FFE479001E91C0 /* libSoundCloudAPI.a */; };
		71DF73B114FFE4E4001E91C0 /* Security.framework in Frameworks */ = {isa = PBXBuildFile; fileRef = 71DF73B014FFE4E4001E91C0 /* Security.framework */; };
		71DF73B314FFE4EC001E91C0 /* AudioToolbox.framework in Frameworks */ = {isa = PBXBuildFile; fileRef = 71DF73B214FFE4EC001E91C0 /* AudioToolbox.framework */; };
		71DF73B614FFE7C5001E91C0 /* FWAppDelegate+API.m in Sources */ = {isa = PBXBuildFile; fileRef = 71DF73B514FFE7C5001E91C0 /* FWAppDelegate+API.m */; };
/* End PBXBuildFile section */

/* Begin PBXContainerItemProxy section */
		711FF02D1500F34600D2425F /* PBXContainerItemProxy */ = {
			isa = PBXContainerItemProxy;
			containerPortal = 711FF0281500F34500D2425F /* SoundCloudAPI.xcodeproj */;
			proxyType = 2;
			remoteGlobalIDString = 94535F86123FAFDF00BD668A;
			remoteInfo = SoundCloudAPI.framework;
		};
		711FF02F1500F34600D2425F /* PBXContainerItemProxy */ = {
			isa = PBXContainerItemProxy;
			containerPortal = 711FF0281500F34500D2425F /* SoundCloudAPI.xcodeproj */;
			proxyType = 2;
			remoteGlobalIDString = D2AAC07E0554694100DB518D;
			remoteInfo = SoundCloudAPI;
		};
		711FF0321500F34B00D2425F /* PBXContainerItemProxy */ = {
			isa = PBXContainerItemProxy;
			containerPortal = 711FF0281500F34500D2425F /* SoundCloudAPI.xcodeproj */;
			proxyType = 1;
			remoteGlobalIDString = D2AAC07D0554694100DB518D;
			remoteInfo = SoundCloudAPI;
		};
		71DF737F14FFE3C9001E91C0 /* PBXContainerItemProxy */ = {
			isa = PBXContainerItemProxy;
			containerPortal = 71DF734414FFE3C9001E91C0 /* Project object */;
			proxyType = 1;
			remoteGlobalIDString = 71DF734C14FFE3C9001E91C0;
			remoteInfo = Favowing;
		};
/* End PBXContainerItemProxy section */

/* Begin PBXFileReference section */
		711FF0281500F34500D2425F /* SoundCloudAPI.xcodeproj */ = {isa = PBXFileReference; lastKnownFileType = "wrapper.pb-project"; name = SoundCloudAPI.xcodeproj; path = SoundCloudAPI/SoundCloudAPI.xcodeproj; sourceTree = "<group>"; };
		711FF0351500F6EA00D2425F /* SoundCloud.bundle */ = {isa = PBXFileReference; lastKnownFileType = "wrapper.plug-in"; path = SoundCloud.bundle; sourceTree = "<group>"; };
		711FF0701501064000D2425F /* FWObject.h */ = {isa = PBXFileReference; fileEncoding = 4; lastKnownFileType = sourcecode.c.h; path = FWObject.h; sourceTree = "<group>"; };
		711FF0711501064000D2425F /* FWObject.m */ = {isa = PBXFileReference; fileEncoding = 4; lastKnownFileType = sourcecode.c.objc; path = FWObject.m; sourceTree = "<group>"; };
		711FF07715010D0A00D2425F /* TrackFixture.json */ = {isa = PBXFileReference; fileEncoding = 4; lastKnownFileType = text.json; path = TrackFixture.json; sourceTree = "<group>"; };
		7131B4BF1500DD4100AB20FD /* Model.xcdatamodel */ = {isa = PBXFileReference; lastKnownFileType = wrapper.xcdatamodel; path = Model.xcdatamodel; sourceTree = "<group>"; };
		71454A931504FF26007E0E1C /* FWTrackCell.xib */ = {isa = PBXFileReference; fileEncoding = 4; lastKnownFileType = file.xib; path = FWTrackCell.xib; sourceTree = "<group>"; };
		71454A9515051B39007E0E1C /* FWFollowingsOperation.h */ = {isa = PBXFileReference; fileEncoding = 4; lastKnownFileType = sourcecode.c.h; path = FWFollowingsOperation.h; sourceTree = "<group>"; };
		71454A9615051B3A007E0E1C /* FWFollowingsOperation.m */ = {isa = PBXFileReference; fileEncoding = 4; lastKnownFileType = sourcecode.c.objc; path = FWFollowingsOperation.m; sourceTree = "<group>"; };
		716222021505E6CB00DC00A5 /* FWRootViewController.h */ = {isa = PBXFileReference; fileEncoding = 4; lastKnownFileType = sourcecode.c.h; path = FWRootViewController.h; sourceTree = "<group>"; };
		716222031505E6CB00DC00A5 /* FWRootViewController.m */ = {isa = PBXFileReference; fileEncoding = 4; lastKnownFileType = sourcecode.c.objc; path = FWRootViewController.m; sourceTree = "<group>"; };
		71A535591504C44800097DE4 /* FWOperation.h */ = {isa = PBXFileReference; fileEncoding = 4; lastKnownFileType = sourcecode.c.h; path = FWOperation.h; sourceTree = "<group>"; };
		71A5355A1504C44800097DE4 /* FWOperation.m */ = {isa = PBXFileReference; fileEncoding = 4; lastKnownFileType = sourcecode.c.objc; path = FWOperation.m; sourceTree = "<group>"; };
		71A5355C1504C54A00097DE4 /* FWFavoritersOperation.h */ = {isa = PBXFileReference; fileEncoding = 4; lastKnownFileType = sourcecode.c.h; path = FWFavoritersOperation.h; sourceTree = "<group>"; };
		71A5355D1504C54A00097DE4 /* FWFavoritersOperation.m */ = {isa = PBXFileReference; fileEncoding = 4; lastKnownFileType = sourcecode.c.objc; path = FWFavoritersOperation.m; sourceTree = "<group>"; };
		71A5355F1504CACC00097DE4 /* FWRecommendationOperation.h */ = {isa = PBXFileReference; fileEncoding = 4; lastKnownFileType = sourcecode.c.h; path = FWRecommendationOperation.h; sourceTree = "<group>"; };
		71A535601504CACC00097DE4 /* FWRecommendationOperation.m */ = {isa = PBXFileReference; fileEncoding = 4; lastKnownFileType = sourcecode.c.objc; path = FWRecommendationOperation.m; sourceTree = "<group>"; };
		71AC268E150122E100B2B05B /* FavoritesFixture.json */ = {isa = PBXFileReference; fileEncoding = 4; lastKnownFileType = text.json; path = FavoritesFixture.json; sourceTree = "<group>"; };
		71AC2690150124CF00B2B05B /* FWUser.h */ = {isa = PBXFileReference; fileEncoding = 4; lastKnownFileType = sourcecode.c.h; path = FWUser.h; sourceTree = "<group>"; };
		71AC2691150124CF00B2B05B /* FWUser.m */ = {isa = PBXFileReference; fileEncoding = 4; lastKnownFileType = sourcecode.c.objc; path = FWUser.m; sourceTree = "<group>"; };
		71AC2693150126B200B2B05B /* FWTrack.h */ = {isa = PBXFileReference; fileEncoding = 4; lastKnownFileType = sourcecode.c.h; path = FWTrack.h; sourceTree = "<group>"; };
		71AC2694150126B200B2B05B /* FWTrack.m */ = {isa = PBXFileReference; fileEncoding = 4; lastKnownFileType = sourcecode.c.objc; path = FWTrack.m; sourceTree = "<group>"; };
		71AC269915012F9B00B2B05B /* FWFavoritesOperation.h */ = {isa = PBXFileReference; fileEncoding = 4; lastKnownFileType = sourcecode.c.h; path = FWFavoritesOperation.h; sourceTree = "<group>"; };
		71AC269A15012F9B00B2B05B /* FWFavoritesOperation.m */ = {isa = PBXFileReference; fileEncoding = 4; lastKnownFileType = sourcecode.c.objc; path = FWFavoritesOperation.m; sourceTree = "<group>"; };
		71DF734D14FFE3C9001E91C0 /* Favowing.app */ = {isa = PBXFileReference; explicitFileType = wrapper.application; includeInIndex = 0; path = Favowing.app; sourceTree = BUILT_PRODUCTS_DIR; };
		71DF735114FFE3C9001E91C0 /* UIKit.framework */ = {isa = PBXFileReference; lastKnownFileType = wrapper.framework; name = UIKit.framework; path = System/Library/Frameworks/UIKit.framework; sourceTree = SDKROOT; };
		71DF735314FFE3C9001E91C0 /* Foundation.framework */ = {isa = PBXFileReference; lastKnownFileType = wrapper.framework; name = Foundation.framework; path = System/Library/Frameworks/Foundation.framework; sourceTree = SDKROOT; };
		71DF735514FFE3C9001E91C0 /* CoreGraphics.framework */ = {isa = PBXFileReference; lastKnownFileType = wrapper.framework; name = CoreGraphics.framework; path = System/Library/Frameworks/CoreGraphics.framework; sourceTree = SDKROOT; };
		71DF735714FFE3C9001E91C0 /* CoreData.framework */ = {isa = PBXFileReference; lastKnownFileType = wrapper.framework; name = CoreData.framework; path = System/Library/Frameworks/CoreData.framework; sourceTree = SDKROOT; };
		71DF735B14FFE3C9001E91C0 /* Favowing-Info.plist */ = {isa = PBXFileReference; lastKnownFileType = text.plist.xml; path = "Favowing-Info.plist"; sourceTree = "<group>"; };
		71DF735D14FFE3C9001E91C0 /* en */ = {isa = PBXFileReference; lastKnownFileType = text.plist.strings; name = en; path = en.lproj/InfoPlist.strings; sourceTree = "<group>"; };
		71DF735F14FFE3C9001E91C0 /* main.m */ = {isa = PBXFileReference; lastKnownFileType = sourcecode.c.objc; path = main.m; sourceTree = "<group>"; };
		71DF736114FFE3C9001E91C0 /* Favowing-Prefix.pch */ = {isa = PBXFileReference; lastKnownFileType = sourcecode.c.h; path = "Favowing-Prefix.pch"; sourceTree = "<group>"; };
		71DF736214FFE3C9001E91C0 /* FWAppDelegate.h */ = {isa = PBXFileReference; lastKnownFileType = sourcecode.c.h; path = FWAppDelegate.h; sourceTree = "<group>"; };
		71DF736314FFE3C9001E91C0 /* FWAppDelegate.m */ = {isa = PBXFileReference; lastKnownFileType = sourcecode.c.objc; path = FWAppDelegate.m; sourceTree = "<group>"; };
		71DF736614FFE3C9001E91C0 /* en */ = {isa = PBXFileReference; lastKnownFileType = file.storyboard; name = en; path = en.lproj/MainStoryboard_iPhone.storyboard; sourceTree = "<group>"; };
		71DF736914FFE3C9001E91C0 /* en */ = {isa = PBXFileReference; lastKnownFileType = file.storyboard; name = en; path = en.lproj/MainStoryboard_iPad.storyboard; sourceTree = "<group>"; };
		71DF736C14FFE3C9001E91C0 /* Favowing.xcdatamodel */ = {isa = PBXFileReference; lastKnownFileType = wrapper.xcdatamodel; path = Favowing.xcdatamodel; sourceTree = "<group>"; };
		71DF736E14FFE3C9001E91C0 /* FWFavoritesViewController.h */ = {isa = PBXFileReference; lastKnownFileType = sourcecode.c.h; path = FWFavoritesViewController.h; sourceTree = "<group>"; };
		71DF736F14FFE3C9001E91C0 /* FWFavoritesViewController.m */ = {isa = PBXFileReference; lastKnownFileType = sourcecode.c.objc; path = FWFavoritesViewController.m; sourceTree = "<group>"; };
		71DF737114FFE3C9001E91C0 /* FWRecommendationViewController.h */ = {isa = PBXFileReference; lastKnownFileType = sourcecode.c.h; path = FWRecommendationViewController.h; sourceTree = "<group>"; };
		71DF737214FFE3C9001E91C0 /* FWRecommendationViewController.m */ = {isa = PBXFileReference; lastKnownFileType = sourcecode.c.objc; path = FWRecommendationViewController.m; sourceTree = "<group>"; };
		71DF737914FFE3C9001E91C0 /* FavowingTests.octest */ = {isa = PBXFileReference; explicitFileType = wrapper.cfbundle; includeInIndex = 0; path = FavowingTests.octest; sourceTree = BUILT_PRODUCTS_DIR; };
		71DF737A14FFE3C9001E91C0 /* SenTestingKit.framework */ = {isa = PBXFileReference; lastKnownFileType = wrapper.framework; name = SenTestingKit.framework; path = Library/Frameworks/SenTestingKit.framework; sourceTree = DEVELOPER_DIR; };
		71DF738314FFE3C9001E91C0 /* FavowingTests-Info.plist */ = {isa = PBXFileReference; lastKnownFileType = text.plist.xml; path = "FavowingTests-Info.plist"; sourceTree = "<group>"; };
		71DF738514FFE3C9001E91C0 /* en */ = {isa = PBXFileReference; lastKnownFileType = text.plist.strings; name = en; path = en.lproj/InfoPlist.strings; sourceTree = "<group>"; };
		71DF738714FFE3C9001E91C0 /* FWObjectTests.h */ = {isa = PBXFileReference; lastKnownFileType = sourcecode.c.h; path = FWObjectTests.h; sourceTree = "<group>"; };
		71DF738814FFE3C9001E91C0 /* FWObjectTests.m */ = {isa = PBXFileReference; lastKnownFileType = sourcecode.c.objc; path = FWObjectTests.m; sourceTree = "<group>"; };
		71DF73A814FFE479001E91C0 /* libOAuth2Client.a */ = {isa = PBXFileReference; lastKnownFileType = archive.ar; name = libOAuth2Client.a; path = "SoundCloudAPI/Outsourced/OAuth2Client/build/Release-iphoneos/libOAuth2Client.a"; sourceTree = "<group>"; };
		71DF73A914FFE479001E91C0 /* libSoundCloudAPI.a */ = {isa = PBXFileReference; lastKnownFileType = archive.ar; name = libSoundCloudAPI.a; path = "SoundCloudAPI/build/Release-iphoneos/libSoundCloudAPI.a"; sourceTree = "<group>"; };
		71DF73B014FFE4E4001E91C0 /* Security.framework */ = {isa = PBXFileReference; lastKnownFileType = wrapper.framework; name = Security.framework; path = System/Library/Frameworks/Security.framework; sourceTree = SDKROOT; };
		71DF73B214FFE4EC001E91C0 /* AudioToolbox.framework */ = {isa = PBXFileReference; lastKnownFileType = wrapper.framework; name = AudioToolbox.framework; path = System/Library/Frameworks/AudioToolbox.framework; sourceTree = SDKROOT; };
		71DF73B414FFE7C5001E91C0 /* FWAppDelegate+API.h */ = {isa = PBXFileReference; fileEncoding = 4; lastKnownFileType = sourcecode.c.h; path = "FWAppDelegate+API.h"; sourceTree = "<group>"; };
		71DF73B514FFE7C5001E91C0 /* FWAppDelegate+API.m */ = {isa = PBXFileReference; fileEncoding = 4; lastKnownFileType = sourcecode.c.objc; path = "FWAppDelegate+API.m"; sourceTree = "<group>"; };
/* End PBXFileReference section */

/* Begin PBXFrameworksBuildPhase section */
		71DF734A14FFE3C9001E91C0 /* Frameworks */ = {
			isa = PBXFrameworksBuildPhase;
			buildActionMask = 2147483647;
			files = (
				71DF73B314FFE4EC001E91C0 /* AudioToolbox.framework in Frameworks */,
				71DF73B114FFE4E4001E91C0 /* Security.framework in Frameworks */,
				71DF73AC14FFE479001E91C0 /* libOAuth2Client.a in Frameworks */,
				71DF73AD14FFE479001E91C0 /* libSoundCloudAPI.a in Frameworks */,
				71DF735214FFE3C9001E91C0 /* UIKit.framework in Frameworks */,
				71DF735414FFE3C9001E91C0 /* Foundation.framework in Frameworks */,
				71DF735614FFE3C9001E91C0 /* CoreGraphics.framework in Frameworks */,
				71DF735814FFE3C9001E91C0 /* CoreData.framework in Frameworks */,
			);
			runOnlyForDeploymentPostprocessing = 0;
		};
		71DF737514FFE3C9001E91C0 /* Frameworks */ = {
			isa = PBXFrameworksBuildPhase;
			buildActionMask = 2147483647;
			files = (
				71DF737B14FFE3C9001E91C0 /* SenTestingKit.framework in Frameworks */,
				71DF737C14FFE3C9001E91C0 /* UIKit.framework in Frameworks */,
				71DF737D14FFE3C9001E91C0 /* Foundation.framework in Frameworks */,
				71DF737E14FFE3C9001E91C0 /* CoreData.framework in Frameworks */,
			);
			runOnlyForDeploymentPostprocessing = 0;
		};
/* End PBXFrameworksBuildPhase section */

/* Begin PBXGroup section */
		711FF0291500F34500D2425F /* Products */ = {
			isa = PBXGroup;
			children = (
				711FF02E1500F34600D2425F /* SoundCloudAPI.framework */,
				711FF0301500F34600D2425F /* libSoundCloudAPI.a */,
			);
			name = Products;
			sourceTree = "<group>";
		};
		711FF0341500F6D300D2425F /* Resources */ = {
			isa = PBXGroup;
			children = (
				711FF0351500F6EA00D2425F /* SoundCloud.bundle */,
			);
			path = Resources;
			sourceTree = "<group>";
		};
		71DF734214FFE3C9001E91C0 = {
			isa = PBXGroup;
			children = (
				711FF0281500F34500D2425F /* SoundCloudAPI.xcodeproj */,
				7131B4BE1500DD4100AB20FD /* Model.xcdatamodeld */,
				71DF735914FFE3C9001E91C0 /* Favowing */,
				71DF738114FFE3C9001E91C0 /* FavowingTests */,
				71DF735014FFE3C9001E91C0 /* Frameworks */,
				71DF734E14FFE3C9001E91C0 /* Products */,
			);
			sourceTree = "<group>";
		};
		71DF734E14FFE3C9001E91C0 /* Products */ = {
			isa = PBXGroup;
			children = (
				71DF734D14FFE3C9001E91C0 /* Favowing.app */,
				71DF737914FFE3C9001E91C0 /* FavowingTests.octest */,
			);
			name = Products;
			sourceTree = "<group>";
		};
		71DF735014FFE3C9001E91C0 /* Frameworks */ = {
			isa = PBXGroup;
			children = (
				71DF73B214FFE4EC001E91C0 /* AudioToolbox.framework */,
				71DF73B014FFE4E4001E91C0 /* Security.framework */,
				71DF73A814FFE479001E91C0 /* libOAuth2Client.a */,
				71DF73A914FFE479001E91C0 /* libSoundCloudAPI.a */,
				71DF735114FFE3C9001E91C0 /* UIKit.framework */,
				71DF735314FFE3C9001E91C0 /* Foundation.framework */,
				71DF735514FFE3C9001E91C0 /* CoreGraphics.framework */,
				71DF735714FFE3C9001E91C0 /* CoreData.framework */,
				71DF737A14FFE3C9001E91C0 /* SenTestingKit.framework */,
			);
			name = Frameworks;
			sourceTree = "<group>";
		};
		71DF735914FFE3C9001E91C0 /* Favowing */ = {
			isa = PBXGroup;
			children = (
				71DF736214FFE3C9001E91C0 /* FWAppDelegate.h */,
				71DF736314FFE3C9001E91C0 /* FWAppDelegate.m */,
				71DF736514FFE3C9001E91C0 /* MainStoryboard_iPhone.storyboard */,
				716222021505E6CB00DC00A5 /* FWRootViewController.h */,
				716222031505E6CB00DC00A5 /* FWRootViewController.m */,
				71DF736814FFE3C9001E91C0 /* MainStoryboard_iPad.storyboard */,
				71DF736E14FFE3C9001E91C0 /* FWFavoritesViewController.h */,
				71DF736F14FFE3C9001E91C0 /* FWFavoritesViewController.m */,
				71DF737114FFE3C9001E91C0 /* FWRecommendationViewController.h */,
				71DF737214FFE3C9001E91C0 /* FWRecommendationViewController.m */,
				71DF736B14FFE3C9001E91C0 /* Favowing.xcdatamodeld */,
				711FF0341500F6D300D2425F /* Resources */,
				71DF735A14FFE3C9001E91C0 /* Supporting Files */,
				71DF73B414FFE7C5001E91C0 /* FWAppDelegate+API.h */,
				71DF73B514FFE7C5001E91C0 /* FWAppDelegate+API.m */,
				711FF0701501064000D2425F /* FWObject.h */,
				711FF0711501064000D2425F /* FWObject.m */,
				71AC2690150124CF00B2B05B /* FWUser.h */,
				71AC2691150124CF00B2B05B /* FWUser.m */,
				71AC2693150126B200B2B05B /* FWTrack.h */,
				71AC2694150126B200B2B05B /* FWTrack.m */,
				71A535591504C44800097DE4 /* FWOperation.h */,
				71A5355A1504C44800097DE4 /* FWOperation.m */,
				71454A9515051B39007E0E1C /* FWFollowingsOperation.h */,
				71454A9615051B3A007E0E1C /* FWFollowingsOperation.m */,
				71AC269915012F9B00B2B05B /* FWFavoritesOperation.h */,
				71AC269A15012F9B00B2B05B /* FWFavoritesOperation.m */,
				71A5355C1504C54A00097DE4 /* FWFavoritersOperation.h */,
				71A5355D1504C54A00097DE4 /* FWFavoritersOperation.m */,
				71A5355F1504CACC00097DE4 /* FWRecommendationOperation.h */,
				71A535601504CACC00097DE4 /* FWRecommendationOperation.m */,
				71454A931504FF26007E0E1C /* FWTrackCell.xib */,
			);
			path = Favowing;
			sourceTree = "<group>";
		};
		71DF735A14FFE3C9001E91C0 /* Supporting Files */ = {
			isa = PBXGroup;
			children = (
				71DF735B14FFE3C9001E91C0 /* Favowing-Info.plist */,
				71DF735C14FFE3C9001E91C0 /* InfoPlist.strings */,
				71DF735F14FFE3C9001E91C0 /* main.m */,
				71DF736114FFE3C9001E91C0 /* Favowing-Prefix.pch */,
			);
			name = "Supporting Files";
			sourceTree = "<group>";
		};
		71DF738114FFE3C9001E91C0 /* FavowingTests */ = {
			isa = PBXGroup;
			children = (
				71DF738714FFE3C9001E91C0 /* FWObjectTests.h */,
				71DF738814FFE3C9001E91C0 /* FWObjectTests.m */,
				71DF738214FFE3C9001E91C0 /* Supporting Files */,
				711FF07715010D0A00D2425F /* TrackFixture.json */,
				71AC268E150122E100B2B05B /* FavoritesFixture.json */,
			);
			path = FavowingTests;
			sourceTree = "<group>";
		};
		71DF738214FFE3C9001E91C0 /* Supporting Files */ = {
			isa = PBXGroup;
			children = (
				71DF738314FFE3C9001E91C0 /* FavowingTests-Info.plist */,
				71DF738414FFE3C9001E91C0 /* InfoPlist.strings */,
			);
			name = "Supporting Files";
			sourceTree = "<group>";
		};
/* End PBXGroup section */

/* Begin PBXNativeTarget section */
		71DF734C14FFE3C9001E91C0 /* Favowing */ = {
			isa = PBXNativeTarget;
			buildConfigurationList = 71DF738C14FFE3C9001E91C0 /* Build configuration list for PBXNativeTarget "Favowing" */;
			buildPhases = (
				71DF734914FFE3C9001E91C0 /* Sources */,
				71DF734A14FFE3C9001E91C0 /* Frameworks */,
				71DF734B14FFE3C9001E91C0 /* Resources */,
			);
			buildRules = (
			);
			dependencies = (
				711FF0331500F34B00D2425F /* PBXTargetDependency */,
			);
			name = Favowing;
			productName = Favowing;
			productReference = 71DF734D14FFE3C9001E91C0 /* Favowing.app */;
			productType = "com.apple.product-type.application";
		};
		71DF737814FFE3C9001E91C0 /* FavowingTests */ = {
			isa = PBXNativeTarget;
			buildConfigurationList = 71DF738F14FFE3C9001E91C0 /* Build configuration list for PBXNativeTarget "FavowingTests" */;
			buildPhases = (
				71DF737414FFE3C9001E91C0 /* Sources */,
				71DF737514FFE3C9001E91C0 /* Frameworks */,
				71DF737614FFE3C9001E91C0 /* Resources */,
				71DF737714FFE3C9001E91C0 /* ShellScript */,
			);
			buildRules = (
			);
			dependencies = (
				71DF738014FFE3C9001E91C0 /* PBXTargetDependency */,
			);
			name = FavowingTests;
			productName = FavowingTests;
			productReference = 71DF737914FFE3C9001E91C0 /* FavowingTests.octest */;
			productType = "com.apple.product-type.bundle";
		};
/* End PBXNativeTarget section */

/* Begin PBXProject section */
		71DF734414FFE3C9001E91C0 /* Project object */ = {
			isa = PBXProject;
			attributes = {
				LastUpgradeCheck = 0420;
				ORGANIZATIONNAME = C6;
			};
			buildConfigurationList = 71DF734714FFE3C9001E91C0 /* Build configuration list for PBXProject "Favowing" */;
			compatibilityVersion = "Xcode 3.2";
			developmentRegion = English;
			hasScannedForEncodings = 0;
			knownRegions = (
				en,
			);
			mainGroup = 71DF734214FFE3C9001E91C0;
			productRefGroup = 71DF734E14FFE3C9001E91C0 /* Products */;
			projectDirPath = "";
			projectReferences = (
				{
					ProductGroup = 711FF0291500F34500D2425F /* Products */;
					ProjectRef = 711FF0281500F34500D2425F /* SoundCloudAPI.xcodeproj */;
				},
			);
			projectRoot = "";
			targets = (
				71DF734C14FFE3C9001E91C0 /* Favowing */,
				71DF737814FFE3C9001E91C0 /* FavowingTests */,
			);
		};
/* End PBXProject section */

/* Begin PBXReferenceProxy section */
		711FF02E1500F34600D2425F /* SoundCloudAPI.framework */ = {
			isa = PBXReferenceProxy;
			fileType = wrapper.framework;
			path = SoundCloudAPI.framework;
			remoteRef = 711FF02D1500F34600D2425F /* PBXContainerItemProxy */;
			sourceTree = BUILT_PRODUCTS_DIR;
		};
		711FF0301500F34600D2425F /* libSoundCloudAPI.a */ = {
			isa = PBXReferenceProxy;
			fileType = archive.ar;
			path = libSoundCloudAPI.a;
			remoteRef = 711FF02F1500F34600D2425F /* PBXContainerItemProxy */;
			sourceTree = BUILT_PRODUCTS_DIR;
		};
/* End PBXReferenceProxy section */

/* Begin PBXResourcesBuildPhase section */
		71DF734B14FFE3C9001E91C0 /* Resources */ = {
			isa = PBXResourcesBuildPhase;
			buildActionMask = 2147483647;
			files = (
				71DF735E14FFE3C9001E91C0 /* InfoPlist.strings in Resources */,
				71DF736714FFE3C9001E91C0 /* MainStoryboard_iPhone.storyboard in Resources */,
				71DF736A14FFE3C9001E91C0 /* MainStoryboard_iPad.storyboard in Resources */,
				711FF0361500F6EA00D2425F /* SoundCloud.bundle in Resources */,
				711FF07815010D0A00D2425F /* TrackFixture.json in Resources */,
				71AC268F150122E100B2B05B /* FavoritesFixture.json in Resources */,
				71454A941504FF26007E0E1C /* FWTrackCell.xib in Resources */,
			);
			runOnlyForDeploymentPostprocessing = 0;
		};
		71DF737614FFE3C9001E91C0 /* Resources */ = {
			isa = PBXResourcesBuildPhase;
			buildActionMask = 2147483647;
			files = (
				71DF738614FFE3C9001E91C0 /* InfoPlist.strings in Resources */,
			);
			runOnlyForDeploymentPostprocessing = 0;
		};
/* End PBXResourcesBuildPhase section */

/* Begin PBXShellScriptBuildPhase section */
		71DF737714FFE3C9001E91C0 /* ShellScript */ = {
			isa = PBXShellScriptBuildPhase;
			buildActionMask = 2147483647;
			files = (
			);
			inputPaths = (
			);
			outputPaths = (
			);
			runOnlyForDeploymentPostprocessing = 0;
			shellPath = /bin/sh;
			shellScript = "# Run the unit tests in this test bundle.\n\"${SYSTEM_DEVELOPER_DIR}/Tools/RunUnitTests\"\n";
		};
/* End PBXShellScriptBuildPhase section */

/* Begin PBXSourcesBuildPhase section */
		71DF734914FFE3C9001E91C0 /* Sources */ = {
			isa = PBXSourcesBuildPhase;
			buildActionMask = 2147483647;
			files = (
				71DF736014FFE3C9001E91C0 /* main.m in Sources */,
				71DF736414FFE3C9001E91C0 /* FWAppDelegate.m in Sources */,
				71DF736D14FFE3C9001E91C0 /* Favowing.xcdatamodeld in Sources */,
				71DF737014FFE3C9001E91C0 /* FWFavoritesViewController.m in Sources */,
				71DF737314FFE3C9001E91C0 /* FWRecommendationViewController.m in Sources */,
				71DF73B614FFE7C5001E91C0 /* FWAppDelegate+API.m in Sources */,
				7131B4C01500DD4100AB20FD /* Model.xcdatamodeld in Sources */,
				711FF0721501064000D2425F /* FWObject.m in Sources */,
				71AC2692150124CF00B2B05B /* FWUser.m in Sources */,
				71AC2695150126B200B2B05B /* FWTrack.m in Sources */,
				71AC269B15012F9B00B2B05B /* FWFavoritesOperation.m in Sources */,
				71A5355B1504C44800097DE4 /* FWOperation.m in Sources */,
				71A5355E1504C54A00097DE4 /* FWFavoritersOperation.m in Sources */,
				71A535611504CACC00097DE4 /* FWRecommendationOperation.m in Sources */,
				71454A9715051B3A007E0E1C /* FWFollowingsOperation.m in Sources */,
				716222041505E6CB00DC00A5 /* FWRootViewController.m in Sources */,
			);
			runOnlyForDeploymentPostprocessing = 0;
		};
		71DF737414FFE3C9001E91C0 /* Sources */ = {
			isa = PBXSourcesBuildPhase;
			buildActionMask = 2147483647;
			files = (
				71DF738914FFE3C9001E91C0 /* FWObjectTests.m in Sources */,
			);
			runOnlyForDeploymentPostprocessing = 0;
		};
/* End PBXSourcesBuildPhase section */

/* Begin PBXTargetDependency section */
		711FF0331500F34B00D2425F /* PBXTargetDependency */ = {
			isa = PBXTargetDependency;
			name = SoundCloudAPI;
			targetProxy = 711FF0321500F34B00D2425F /* PBXContainerItemProxy */;
		};
		71DF738014FFE3C9001E91C0 /* PBXTargetDependency */ = {
			isa = PBXTargetDependency;
			target = 71DF734C14FFE3C9001E91C0 /* Favowing */;
			targetProxy = 71DF737F14FFE3C9001E91C0 /* PBXContainerItemProxy */;
		};
/* End PBXTargetDependency section */

/* Begin PBXVariantGroup section */
		71DF735C14FFE3C9001E91C0 /* InfoPlist.strings */ = {
			isa = PBXVariantGroup;
			children = (
				71DF735D14FFE3C9001E91C0 /* en */,
			);
			name = InfoPlist.strings;
			sourceTree = "<group>";
		};
		71DF736514FFE3C9001E91C0 /* MainStoryboard_iPhone.storyboard */ = {
			isa = PBXVariantGroup;
			children = (
				71DF736614FFE3C9001E91C0 /* en */,
			);
			name = MainStoryboard_iPhone.storyboard;
			sourceTree = "<group>";
		};
		71DF736814FFE3C9001E91C0 /* MainStoryboard_iPad.storyboard */ = {
			isa = PBXVariantGroup;
			children = (
				71DF736914FFE3C9001E91C0 /* en */,
			);
			name = MainStoryboard_iPad.storyboard;
			sourceTree = "<group>";
		};
		71DF738414FFE3C9001E91C0 /* InfoPlist.strings */ = {
			isa = PBXVariantGroup;
			children = (
				71DF738514FFE3C9001E91C0 /* en */,
			);
			name = InfoPlist.strings;
			sourceTree = "<group>";
		};
/* End PBXVariantGroup section */

/* Begin XCBuildConfiguration section */
		71DF738A14FFE3C9001E91C0 /* Debug */ = {
			isa = XCBuildConfiguration;
			buildSettings = {
				ALWAYS_SEARCH_USER_PATHS = NO;
				ARCHS = "$(ARCHS_STANDARD_32_BIT)";
				CLANG_ENABLE_OBJC_ARC = YES;
				"CODE_SIGN_IDENTITY[sdk=iphoneos*]" = "iPhone Developer";
				COPY_PHASE_STRIP = NO;
				GCC_C_LANGUAGE_STANDARD = gnu99;
				GCC_DYNAMIC_NO_PIC = NO;
				GCC_OPTIMIZATION_LEVEL = 0;
				GCC_PREPROCESSOR_DEFINITIONS = (
					"DEBUG=1",
					"$(inherited)",
				);
				GCC_SYMBOLS_PRIVATE_EXTERN = NO;
				GCC_VERSION = com.apple.compilers.llvm.clang.1_0;
				GCC_WARN_ABOUT_MISSING_PROTOTYPES = YES;
				GCC_WARN_ABOUT_RETURN_TYPE = YES;
				GCC_WARN_UNUSED_VARIABLE = YES;
				HEADER_SEARCH_PATHS = "SoundCloudAPI/**";
				IPHONEOS_DEPLOYMENT_TARGET = 5.0;
				OTHER_LDFLAGS = (
					"-all_load",
					"-ObjC",
				);
				SDKROOT = iphoneos;
				TARGETED_DEVICE_FAMILY = "1,2";
			};
			name = Debug;
		};
		71DF738B14FFE3C9001E91C0 /* Release */ = {
			isa = XCBuildConfiguration;
			buildSettings = {
				ALWAYS_SEARCH_USER_PATHS = NO;
				ARCHS = "$(ARCHS_STANDARD_32_BIT)";
				CLANG_ENABLE_OBJC_ARC = YES;
				"CODE_SIGN_IDENTITY[sdk=iphoneos*]" = "iPhone Developer";
				COPY_PHASE_STRIP = YES;
				GCC_C_LANGUAGE_STANDARD = gnu99;
				GCC_VERSION = com.apple.compilers.llvm.clang.1_0;
				GCC_WARN_ABOUT_MISSING_PROTOTYPES = YES;
				GCC_WARN_ABOUT_RETURN_TYPE = YES;
				GCC_WARN_UNUSED_VARIABLE = YES;
				HEADER_SEARCH_PATHS = "SoundCloudAPI/**";
				IPHONEOS_DEPLOYMENT_TARGET = 5.0;
				OTHER_CFLAGS = "-DNS_BLOCK_ASSERTIONS=1";
				OTHER_LDFLAGS = (
					"-all_load",
					"-ObjC",
				);
				SDKROOT = iphoneos;
				TARGETED_DEVICE_FAMILY = "1,2";
				VALIDATE_PRODUCT = YES;
			};
			name = Release;
		};
		71DF738D14FFE3C9001E91C0 /* Debug */ = {
			isa = XCBuildConfiguration;
			buildSettings = {
				GCC_PRECOMPILE_PREFIX_HEADER = YES;
				GCC_PREFIX_HEADER = "Favowing/Favowing-Prefix.pch";
				INFOPLIST_FILE = "Favowing/Favowing-Info.plist";
				PRODUCT_NAME = "$(TARGET_NAME)";
				WRAPPER_EXTENSION = app;
			};
			name = Debug;
		};
		71DF738E14FFE3C9001E91C0 /* Release */ = {
			isa = XCBuildConfiguration;
			buildSettings = {
				GCC_PRECOMPILE_PREFIX_HEADER = YES;
				GCC_PREFIX_HEADER = "Favowing/Favowing-Prefix.pch";
				INFOPLIST_FILE = "Favowing/Favowing-Info.plist";
				PRODUCT_NAME = "$(TARGET_NAME)";
				WRAPPER_EXTENSION = app;
			};
			name = Release;
		};
		71DF739014FFE3C9001E91C0 /* Debug */ = {
			isa = XCBuildConfiguration;
			buildSettings = {
				BUNDLE_LOADER = "$(BUILT_PRODUCTS_DIR)/Favowing.app/Favowing";
				FRAMEWORK_SEARCH_PATHS = (
					"$(SDKROOT)/Developer/Library/Frameworks",
					"$(DEVELOPER_LIBRARY_DIR)/Frameworks",
				);
				GCC_PRECOMPILE_PREFIX_HEADER = YES;
				GCC_PREFIX_HEADER = "Favowing/Favowing-Prefix.pch";
				INFOPLIST_FILE = "FavowingTests/FavowingTests-Info.plist";
				PRODUCT_NAME = "$(TARGET_NAME)";
				TEST_HOST = "$(BUNDLE_LOADER)";
				WRAPPER_EXTENSION = octest;
			};
			name = Debug;
		};
		71DF739114FFE3C9001E91C0 /* Release */ = {
			isa = XCBuildConfiguration;
			buildSettings = {
				BUNDLE_LOADER = "$(BUILT_PRODUCTS_DIR)/Favowing.app/Favowing";
				FRAMEWORK_SEARCH_PATHS = (
					"$(SDKROOT)/Developer/Library/Frameworks",
					"$(DEVELOPER_LIBRARY_DIR)/Frameworks",
				);
				GCC_PRECOMPILE_PREFIX_HEADER = YES;
				GCC_PREFIX_HEADER = "Favowing/Favowing-Prefix.pch";
				INFOPLIST_FILE = "FavowingTests/FavowingTests-Info.plist";
				PRODUCT_NAME = "$(TARGET_NAME)";
				TEST_HOST = "$(BUNDLE_LOADER)";
				WRAPPER_EXTENSION = octest;
			};
			name = Release;
		};
/* End XCBuildConfiguration section */

/* Begin XCConfigurationList section */
		71DF734714FFE3C9001E91C0 /* Build configuration list for PBXProject "Favowing" */ = {
			isa = XCConfigurationList;
			buildConfigurations = (
				71DF738A14FFE3C9001E91C0 /* Debug */,
				71DF738B14FFE3C9001E91C0 /* Release */,
			);
			defaultConfigurationIsVisible = 0;
			defaultConfigurationName = Release;
		};
		71DF738C14FFE3C9001E91C0 /* Build configuration list for PBXNativeTarget "Favowing" */ = {
			isa = XCConfigurationList;
			buildConfigurations = (
				71DF738D14FFE3C9001E91C0 /* Debug */,
				71DF738E14FFE3C9001E91C0 /* Release */,
			);
			defaultConfigurationIsVisible = 0;
			defaultConfigurationName = Release;
		};
		71DF738F14FFE3C9001E91C0 /* Build configuration list for PBXNativeTarget "FavowingTests" */ = {
			isa = XCConfigurationList;
			buildConfigurations = (
				71DF739014FFE3C9001E91C0 /* Debug */,
				71DF739114FFE3C9001E91C0 /* Release */,
			);
			defaultConfigurationIsVisible = 0;
			defaultConfigurationName = Release;
		};
/* End XCConfigurationList section */

/* Begin XCVersionGroup section */
		7131B4BE1500DD4100AB20FD /* Model.xcdatamodeld */ = {
			isa = XCVersionGroup;
			children = (
				7131B4BF1500DD4100AB20FD /* Model.xcdatamodel */,
			);
			currentVersion = 7131B4BF1500DD4100AB20FD /* Model.xcdatamodel */;
			name = Model.xcdatamodeld;
			path = Favowing/Model.xcdatamodeld;
			sourceTree = "<group>";
			versionGroupType = wrapper.xcdatamodel;
		};
		71DF736B14FFE3C9001E91C0 /* Favowing.xcdatamodeld */ = {
			isa = XCVersionGroup;
			children = (
				71DF736C14FFE3C9001E91C0 /* Favowing.xcdatamodel */,
			);
			currentVersion = 71DF736C14FFE3C9001E91C0 /* Favowing.xcdatamodel */;
			path = Favowing.xcdatamodeld;
			sourceTree = "<group>";
			versionGroupType = wrapper.xcdatamodel;
		};
/* End XCVersionGroup section */
	};
	rootObject = 71DF734414FFE3C9001E91C0 /* Project object */;
}
